
Microsoft Visual Studio Solution File, Format Version 12.00
# Visual Studio Version 17
VisualStudioVersion = 17.8.34330.188
MinimumVisualStudioVersion = 10.0.40219.1
Project("{9A19103F-16F7-4668-BE54-9A1E7A4F7556}") = "ChatGptBotProject", "ChatGptBot\ChatGptBotProject.csproj", "{0CE60600-3329-400A-8044-7A0D6B4761CE}"
EndProject
Project("{9A19103F-16F7-4668-BE54-9A1E7A4F7556}") = "ChatGptBotProject.UnitTests", "ChatBotUnitTests\ChatGptBotProject.UnitTests.csproj", "{6C39E4F3-637D-41CB-B2DD-A161CB5EB5DA}"
EndProject
Global
	GlobalSection(SolutionConfigurationPlatforms) = preSolution
		Debug|Any CPU = Debug|Any CPU
		Release|Any CPU = Release|Any CPU
	EndGlobalSection
	GlobalSection(ProjectConfigurationPlatforms) = postSolution
		{0CE60600-3329-400A-8044-7A0D6B4761CE}.Debug|Any CPU.ActiveCfg = Debug|Any CPU
		{0CE60600-3329-400A-8044-7A0D6B4761CE}.Debug|Any CPU.Build.0 = Debug|Any CPU
		{0CE60600-3329-400A-8044-7A0D6B4761CE}.Release|Any CPU.ActiveCfg = Release|Any CPU
		{0CE60600-3329-400A-8044-7A0D6B4761CE}.Release|Any CPU.Build.0 = Release|Any CPU
		{6C39E4F3-637D-41CB-B2DD-A161CB5EB5DA}.Debug|Any CPU.ActiveCfg = Debug|Any CPU
		{6C39E4F3-637D-41CB-B2DD-A161CB5EB5DA}.Debug|Any CPU.Build.0 = Debug|Any CPU
		{6C39E4F3-637D-41CB-B2DD-A161CB5EB5DA}.Release|Any CPU.ActiveCfg = Release|Any CPU
		{6C39E4F3-637D-41CB-B2DD-A161CB5EB5DA}.Release|Any CPU.Build.0 = Release|Any CPU
	EndGlobalSection
	GlobalSection(SolutionProperties) = preSolution
		HideSolutionNode = FALSE
	EndGlobalSection
	GlobalSection(ExtensibilityGlobals) = postSolution
		SolutionGuid = {F4E40504-ADC4-4A90-8C73-C7B58389CE28}
	EndGlobalSection
EndGlobal
